
Microsoft Visual Studio Solution File, Format Version 12.00
# Visual Studio Version 17
VisualStudioVersion = 17.11.35327.3
MinimumVisualStudioVersion = 10.0.40219.1
Project("{FAE04EC0-301F-11D3-BF4B-00C04F79EFBC}") = "W_QLS_EF", "W_QLS_EF\W_QLS_EF.csproj", "{C38EBF08-E60E-4200-9EF9-0ED08F111566}"
EndProject
Global
	GlobalSection(SolutionConfigurationPlatforms) = preSolution
		Debug|Any CPU = Debug|Any CPU
		Release|Any CPU = Release|Any CPU
	EndGlobalSection
	GlobalSection(ProjectConfigurationPlatforms) = postSolution
		{C38EBF08-E60E-4200-9EF9-0ED08F111566}.Debug|Any CPU.ActiveCfg = Debug|Any CPU
		{C38EBF08-E60E-4200-9EF9-0ED08F111566}.Debug|Any CPU.Build.0 = Debug|Any CPU
		{C38EBF08-E60E-4200-9EF9-0ED08F111566}.Release|Any CPU.ActiveCfg = Release|Any CPU
		{C38EBF08-E60E-4200-9EF9-0ED08F111566}.Release|Any CPU.Build.0 = Release|Any CPU
	EndGlobalSection
	GlobalSection(SolutionProperties) = preSolution
		HideSolutionNode = FALSE
	EndGlobalSection
	GlobalSection(ExtensibilityGlobals) = postSolution
		SolutionGuid = {8E52343C-D755-4CA5-8FA1-B4FC041B77B7}
	EndGlobalSection
EndGlobal
